
Microsoft Visual Studio Solution File, Format Version 12.00
# Visual Studio Version 17
VisualStudioVersion = 17.8.34511.84
MinimumVisualStudioVersion = 10.0.40219.1
Project("{FAE04EC0-301F-11D3-BF4B-00C04F79EFBC}") = "Check States", "Check States.csproj", "{12427B79-DBD9-4D0B-AEE6-F58B1B80662C}"
EndProject
Global
	GlobalSection(SolutionConfigurationPlatforms) = preSolution
		Debug|Any CPU = Debug|Any CPU
		Release|Any CPU = Release|Any CPU
	EndGlobalSection
	GlobalSection(ProjectConfigurationPlatforms) = postSolution
		{12427B79-DBD9-4D0B-AEE6-F58B1B80662C}.Debug|Any CPU.ActiveCfg = Debug|Any CPU
		{12427B79-DBD9-4D0B-AEE6-F58B1B80662C}.Debug|Any CPU.Build.0 = Debug|Any CPU
		{12427B79-DBD9-4D0B-AEE6-F58B1B80662C}.Release|Any CPU.ActiveCfg = Release|Any CPU
		{12427B79-DBD9-4D0B-AEE6-F58B1B80662C}.Release|Any CPU.Build.0 = Release|Any CPU
	EndGlobalSection
	GlobalSection(SolutionProperties) = preSolution
		HideSolutionNode = FALSE
	EndGlobalSection
	GlobalSection(ExtensibilityGlobals) = postSolution
		SolutionGuid = {5800BBB6-D697-49CA-9B10-A30F2471E4AD}
	EndGlobalSection
EndGlobal
